version = 1
revision = 3
requires-python = ">=3.10"

[[package]]
name = "asta-revision-workflow"
version = "0.1.0"
source = { editable = "." }
dependencies = [
    { name = "pypandoc-binary" },
]

[package.metadata]
requires-dist = [{ name = "pypandoc-binary", specifier = ">=1.13" }]

[[package]]
name = "pypandoc-binary"
version = "1.17"
source = { registry = "https://pypi.org/simple" }
wheels = [
    { url = "https://files.pythonhosted.org/packages/80/85/681a54111f0948821a5cf87ce30a88bb0a3f6848af5112c912abac4a2b77/pypandoc_binary-1.17-py3-none-macosx_10_9_x86_64.whl", hash = "sha256:734726dc618ef276343e272e1a6b4567e59c2ef9ef41d5533042deac3b0531f1", size = 25553945, upload-time = "2026-03-14T22:38:47.91Z" },
    { url = "https://files.pythonhosted.org/packages/15/58/8fd107c68522957868c1e785fbea7595608df118e440e424d189668294df/pypandoc_binary-1.17-py3-none-macosx_11_0_arm64.whl", hash = "sha256:fcfd28f347ed998dda28823fc6bc24f9310e7fdf3ddceaf925bf0563a100ab5b", size = 25553944, upload-time = "2026-03-14T22:38:50.74Z" },
    { url = "https://files.pythonhosted.org/packages/f4/27/ac1078239aae14b94c51975b7f46ad8e099e47d7ae26c175a5486b1c0099/pypandoc_binary-1.17-py3-none-manylinux1_x86_64.manylinux_2_28_x86_64.manylinux_2_5_x86_64.whl", hash = "sha256:d6b620b21c9374e3e48aabd518492bf0776b148442ee28816f6aaf52da3d4387", size = 34460960, upload-time = "2026-03-14T22:38:53.391Z" },
    { url = "https://files.pythonhosted.org/packages/8d/7f/1e5612b52900ebe590862dabeadf546f739b27527dcd8bfd632f8adac1be/pypandoc_binary-1.17-py3-none-manylinux2014_aarch64.manylinux_2_17_aarch64.manylinux_2_28_aarch64.whl", hash = "sha256:9ada156cb980cd54fd6534231788e668c00dbb591cbd24f0be0bd86812eb8788", size = 36867598, upload-time = "2026-03-14T22:38:56.351Z" },
    { url = "https://files.pythonhosted.org/packages/3b/31/a5a867159c4080e5d368f4a53540a727501a2f31affc297dc8e0fced96a7/pypandoc_binary-1.17-py3-none-musllinux_1_2_aarch64.whl", hash = "sha256:2f439dcd211183bb3460253ca4511101df6e1acf4a01f45f5617e1fa2ad24279", size = 36867584, upload-time = "2026-03-14T22:38:59.087Z" },
    { url = "https://files.pythonhosted.org/packages/0d/2d/6a51cd4e54bdf132c19416801077c34bd40ba182e85d843360d36ae03a2d/pypandoc_binary-1.17-py3-none-musllinux_1_2_x86_64.whl", hash = "sha256:f6e6d3e4cfafbe23189a08db3d41f8def260bacd6e7e382bceadab7ba1f17da6", size = 34460949, upload-time = "2026-03-14T22:39:01.71Z" },
    { url = "https://files.pythonhosted.org/packages/c6/b9/f47b77ba75ed5d47ec85fcc2ecfbf7f78e3a73347f3a09836634d930de98/pypandoc_binary-1.17-py3-none-win_amd64.whl", hash = "sha256:76fae066cd2d7e78fb97f0ec8e9e36f437b07187b689b0b415ca18216f8f898a", size = 40891661, upload-time = "2026-03-14T22:39:04.782Z" },
]
